
Microsoft Visual Studio Solution File, Format Version 12.00
# Visual Studio Version 17
VisualStudioVersion = 17.3.32901.215
MinimumVisualStudioVersion = 10.0.40219.1
Project("{FAE04EC0-301F-11D3-BF4B-00C04F79EFBC}") = "for6 -96", "for6 -96\for6 -96.csproj", "{9E0C5236-3E3F-4898-A25B-83A55226DC19}"
EndProject
Global
	GlobalSection(SolutionConfigurationPlatforms) = preSolution
		Debug|Any CPU = Debug|Any CPU
		Release|Any CPU = Release|Any CPU
	EndGlobalSection
	GlobalSection(ProjectConfigurationPlatforms) = postSolution
		{9E0C5236-3E3F-4898-A25B-83A55226DC19}.Debug|Any CPU.ActiveCfg = Debug|Any CPU
		{9E0C5236-3E3F-4898-A25B-83A55226DC19}.Debug|Any CPU.Build.0 = Debug|Any CPU
		{9E0C5236-3E3F-4898-A25B-83A55226DC19}.Release|Any CPU.ActiveCfg = Release|Any CPU
		{9E0C5236-3E3F-4898-A25B-83A55226DC19}.Release|Any CPU.Build.0 = Release|Any CPU
	EndGlobalSection
	GlobalSection(SolutionProperties) = preSolution
		HideSolutionNode = FALSE
	EndGlobalSection
	GlobalSection(ExtensibilityGlobals) = postSolution
		SolutionGuid = {A84ECF82-2942-4841-9ADA-060353F1C69D}
	EndGlobalSection
EndGlobal
